{
  "name": "algot8",
  "version": "1.0.0",
  "lockfileVersion": 2,
  "requires": true,
  "packages": {
    "": {
      "name": "algot8",
      "version": "1.0.0",
      "license": "ISC",
      "dependencies": {
        "js-regression": "^1.0.10"
      }
    },
    "node_modules/js-regression": {
      "version": "1.0.10",
      "resolved": "https://registry.npmjs.org/js-regression/-/js-regression-1.0.10.tgz",
      "integrity": "sha1-FPhksB/C02He/uO0Ll+hPWBsF6g=",
      "bin": {
        "js-stats": "src/jsregression.js"
      }
    }
  },
  "dependencies": {
    "js-regression": {
      "version": "1.0.10",
      "resolved": "https://registry.npmjs.org/js-regression/-/js-regression-1.0.10.tgz",
      "integrity": "sha1-FPhksB/C02He/uO0Ll+hPWBsF6g="
    }
  }
}
