{
  "name": "algot9",
  "version": "1.0.0",
  "lockfileVersion": 2,
  "requires": true,
  "packages": {
    "": {
      "name": "algot9",
      "version": "1.0.0",
      "license": "ISC",
      "dependencies": {
        "bayes-classifier": "^0.0.5"
      }
    },
    "node_modules/bayes-classifier": {
      "version": "0.0.5",
      "resolved": "https://registry.npmjs.org/bayes-classifier/-/bayes-classifier-0.0.5.tgz",
      "integrity": "sha1-NblKXL+/YUNWGldZVW7rPC7G5y4="
    }
  },
  "dependencies": {
    "bayes-classifier": {
      "version": "0.0.5",
      "resolved": "https://registry.npmjs.org/bayes-classifier/-/bayes-classifier-0.0.5.tgz",
      "integrity": "sha1-NblKXL+/YUNWGldZVW7rPC7G5y4="
    }
  }
}
